// !$*UTF8*$!
{
	archiveVersion = 1;
	classes = {
	};
	objectVersion = 46;
	objects = {

/* Begin PBXBuildFile section */
		2F24EB901563B4CB00D803C0 /* libxml2.2.dylib in Frameworks */ = {isa = PBXBuildFile; fileRef = 2F24EB8F1563B4CB00D803C0 /* libxml2.2.dylib */; };
		2FB1693F157D264600832396 /* VoiceObj.m in Sources */ = {isa = PBXBuildFile; fileRef = 2FB1693E157D264600832396 /* VoiceObj.m */; };
		2FB16941157D298C00832396 /* AVFoundation.framework in Frameworks */ = {isa = PBXBuildFile; fileRef = 2FB16940157D298C00832396 /* AVFoundation.framework */; };
		2FB16943157D299A00832396 /* AudioToolbox.framework in Frameworks */ = {isa = PBXBuildFile; fileRef = 2FB16942157D299A00832396 /* AudioToolbox.framework */; };
		563ACEED15A4BCE6005D88CC /* LocationObj.m in Sources */ = {isa = PBXBuildFile; fileRef = 563ACEEC15A4BCE6005D88CC /* LocationObj.m */; };
		563FA28C15A6486200FB5AFF /* MapKit.framework in Frameworks */ = {isa = PBXBuildFile; fileRef = 563FA28B15A6486200FB5AFF /* MapKit.framework */; };
		C03A663E1579E537009A5CBA /* FeedNameObj.m in Sources */ = {isa = PBXBuildFile; fileRef = C03A663D1579E537009A5CBA /* FeedNameObj.m */; };
		C03A66B4157C1307009A5CBA /* TFHpple.m in Sources */ = {isa = PBXBuildFile; fileRef = C03A66AF157C1307009A5CBA /* TFHpple.m */; };
		C03A66B5157C1307009A5CBA /* TFHppleElement.m in Sources */ = {isa = PBXBuildFile; fileRef = C03A66B1157C1307009A5CBA /* TFHppleElement.m */; };
		C03A66B6157C1307009A5CBA /* XPathQuery.m in Sources */ = {isa = PBXBuildFile; fileRef = C03A66B3157C1307009A5CBA /* XPathQuery.m */; };
		C04E907E158875A3003C6A0A /* GridHandler.m in Sources */ = {isa = PBXBuildFile; fileRef = C04E907D158875A3003C6A0A /* GridHandler.m */; };
		C0D575811551F94600B6624C /* libTestFlight.a in Frameworks */ = {isa = PBXBuildFile; fileRef = C0D5757D1551F94600B6624C /* libTestFlight.a */; };
		C0D575821551F94600B6624C /* README.txt in Resources */ = {isa = PBXBuildFile; fileRef = C0D5757E1551F94600B6624C /* README.txt */; };
		C0D575831551F94600B6624C /* release_notes.txt in Resources */ = {isa = PBXBuildFile; fileRef = C0D5757F1551F94600B6624C /* release_notes.txt */; };
		C0E75B95158E6A2A000C3FE3 /* GpsScanner.m in Sources */ = {isa = PBXBuildFile; fileRef = C0E75B94158E6A2A000C3FE3 /* GpsScanner.m */; };
		C0E75B98158E6A41000C3FE3 /* GpsBroadcaster.m in Sources */ = {isa = PBXBuildFile; fileRef = C0E75B97158E6A41000C3FE3 /* GpsBroadcaster.m */; };
		C0E75B9B158E6AB6000C3FE3 /* NearbyFeed.m in Sources */ = {isa = PBXBuildFile; fileRef = C0E75B9A158E6AB6000C3FE3 /* NearbyFeed.m */; };
		C0E75B9E158E70B7000C3FE3 /* GpsLookup.m in Sources */ = {isa = PBXBuildFile; fileRef = C0E75B9D158E70B7000C3FE3 /* GpsLookup.m */; };
		D20E422D1461EEC60096A272 /* CoreGraphics.framework in Frameworks */ = {isa = PBXBuildFile; fileRef = D20E422C1461EEC60096A272 /* CoreGraphics.framework */; };
		D22B69E215B9174F00429023 /* AddressBook.framework in Frameworks */ = {isa = PBXBuildFile; fileRef = D22B69E115B9174F00429023 /* AddressBook.framework */; };
		D2773CB2151C422500A161F9 /* Obj.m in Sources */ = {isa = PBXBuildFile; fileRef = D2773CB0151C422500A161F9 /* Obj.m */; };
		D27968DD1457DA4800C5FDAB /* CoreData.framework in Frameworks */ = {isa = PBXBuildFile; fileRef = D27968DC1457DA4700C5FDAB /* CoreData.framework */; };
		D298F9F7143CE6DF000831DD /* UIKit.framework in Frameworks */ = {isa = PBXBuildFile; fileRef = D298F9F6143CE6DF000831DD /* UIKit.framework */; };
		D298F9F9143CE6DF000831DD /* Foundation.framework in Frameworks */ = {isa = PBXBuildFile; fileRef = D298F9F8143CE6DF000831DD /* Foundation.framework */; };
		D298FA4C143E5B4E000831DD /* libz.dylib in Frameworks */ = {isa = PBXBuildFile; fileRef = D298FA4B143E5B4E000831DD /* libz.dylib */; };
		D2CC56D915BB6CBE006072EF /* AppDelegate.m in Sources */ = {isa = PBXBuildFile; fileRef = D2CC56D815BB6CBE006072EF /* AppDelegate.m */; };
		D2CC570915BB6D4B006072EF /* libMusubiSDK.a in Frameworks */ = {isa = PBXBuildFile; fileRef = D2CC570115BB6D41006072EF /* libMusubiSDK.a */; };
		D2CD028A1443A1830080861E /* CoreLocation.framework in Frameworks */ = {isa = PBXBuildFile; fileRef = D2CD02891443A1830080861E /* CoreLocation.framework */; };
		D2CD05DC14450E3E0080861E /* Security.framework in Frameworks */ = {isa = PBXBuildFile; fileRef = D2CD05DB14450E3E0080861E /* Security.framework */; };
		D2D03BC21578843A00DBF40B /* main.m in Sources */ = {isa = PBXBuildFile; fileRef = D2D03BC11578843A00DBF40B /* main.m */; };
		D2D9302315223F4A006E4F58 /* QuartzCore.framework in Frameworks */ = {isa = PBXBuildFile; fileRef = D2D9302215223F4A006E4F58 /* QuartzCore.framework */; };
		D2EF51B215B63C9400A8EA49 /* Accelerate.framework in Frameworks */ = {isa = PBXBuildFile; fileRef = D2EF51B115B63C9400A8EA49 /* Accelerate.framework */; };
		D2EF51B415B63CA600A8EA49 /* StoreKit.framework in Frameworks */ = {isa = PBXBuildFile; fileRef = D2EF51B315B63CA600A8EA49 /* StoreKit.framework */; };
		D2EF51B615B63CB900A8EA49 /* libz.1.2.5.dylib in Frameworks */ = {isa = PBXBuildFile; fileRef = D2EF51B515B63CB900A8EA49 /* libz.1.2.5.dylib */; };
		D2EF51B815B63CC400A8EA49 /* libsqlite3.0.dylib in Frameworks */ = {isa = PBXBuildFile; fileRef = D2EF51B715B63CC400A8EA49 /* libsqlite3.0.dylib */; };
		D2F8C6CB152655C5005AD880 /* SystemConfiguration.framework in Frameworks */ = {isa = PBXBuildFile; fileRef = D2F8C6CA152655C3005AD880 /* SystemConfiguration.framework */; };
		D410BA4C1573085900951D94 /* UnknownObj.m in Sources */ = {isa = PBXBuildFile; fileRef = D410BA4B1573085900951D94 /* UnknownObj.m */; };
		D44606A2159E6628000A711C /* Twitter.framework in Frameworks */ = {isa = PBXBuildFile; fileRef = D44606A1159E6628000A711C /* Twitter.framework */; settings = {ATTRIBUTES = (Weak, ); }; };
		D44D41CF15A21807000BAC41 /* MessageUI.framework in Frameworks */ = {isa = PBXBuildFile; fileRef = D446069F159E6610000A711C /* MessageUI.framework */; };
		D4DB1349157C2DC000337A16 /* CFNetwork.framework in Frameworks */ = {isa = PBXBuildFile; fileRef = D4DB1348157C2DC000337A16 /* CFNetwork.framework */; };
		D4F0C09515791EBE00541F5C /* VideoObj.m in Sources */ = {isa = PBXBuildFile; fileRef = D4F0C09415791EBE00541F5C /* VideoObj.m */; };
		D4FFE27815780BB8007F918E /* StoryObj.m in Sources */ = {isa = PBXBuildFile; fileRef = D4FFE27715780BB8007F918E /* StoryObj.m */; };
		D95D190B157D3085003AA911 /* VoiceObj.h in Sources */ = {isa = PBXBuildFile; fileRef = 2FB1693D157D264600832396 /* VoiceObj.h */; };
/* End PBXBuildFile section */

/* Begin PBXContainerItemProxy section */
		D2CC56FE15BB6D41006072EF /* PBXContainerItemProxy */ = {
			isa = PBXContainerItemProxy;
			containerPortal = D2CC56DA15BB6D40006072EF /* MusubiSDK.xcodeproj */;
			proxyType = 2;
			remoteGlobalIDString = D216DE5914F48951001A4166;
			remoteInfo = MusubiAppTest;
		};
		D2CC570015BB6D41006072EF /* PBXContainerItemProxy */ = {
			isa = PBXContainerItemProxy;
			containerPortal = D2CC56DA15BB6D40006072EF /* MusubiSDK.xcodeproj */;
			proxyType = 2;
			remoteGlobalIDString = D22FE27A15BA9342002EC00A;
			remoteInfo = MusubiSDK;
		};
		D2CC570715BB6D46006072EF /* PBXContainerItemProxy */ = {
			isa = PBXContainerItemProxy;
			containerPortal = D2CC56DA15BB6D40006072EF /* MusubiSDK.xcodeproj */;
			proxyType = 1;
			remoteGlobalIDString = D22FE27915BA9342002EC00A;
			remoteInfo = MusubiSDK;
		};
/* End PBXContainerItemProxy section */

/* Begin PBXFileReference section */
		2F24EB8F1563B4CB00D803C0 /* libxml2.2.dylib */ = {isa = PBXFileReference; lastKnownFileType = "compiled.mach-o.dylib"; name = libxml2.2.dylib; path = usr/lib/libxml2.2.dylib; sourceTree = SDKROOT; };
		2FB1693D157D264600832396 /* VoiceObj.h */ = {isa = PBXFileReference; fileEncoding = 4; lastKnownFileType = sourcecode.c.h; path = VoiceObj.h; sourceTree = "<group>"; };
		2FB1693E157D264600832396 /* VoiceObj.m */ = {isa = PBXFileReference; fileEncoding = 4; lastKnownFileType = sourcecode.c.objc; path = VoiceObj.m; sourceTree = "<group>"; };
		2FB16940157D298C00832396 /* AVFoundation.framework */ = {isa = PBXFileReference; lastKnownFileType = wrapper.framework; name = AVFoundation.framework; path = System/Library/Frameworks/AVFoundation.framework; sourceTree = SDKROOT; };
		2FB16942157D299A00832396 /* AudioToolbox.framework */ = {isa = PBXFileReference; lastKnownFileType = wrapper.framework; name = AudioToolbox.framework; path = System/Library/Frameworks/AudioToolbox.framework; sourceTree = SDKROOT; };
		563ACEEC15A4BCE6005D88CC /* LocationObj.m */ = {isa = PBXFileReference; fileEncoding = 4; lastKnownFileType = sourcecode.c.objc; path = LocationObj.m; sourceTree = "<group>"; };
		563FA28B15A6486200FB5AFF /* MapKit.framework */ = {isa = PBXFileReference; lastKnownFileType = wrapper.framework; name = MapKit.framework; path = System/Library/Frameworks/MapKit.framework; sourceTree = SDKROOT; };
		56F7CEED15A4BBFA005174D2 /* LocationObj.h */ = {isa = PBXFileReference; lastKnownFileType = sourcecode.c.h; path = LocationObj.h; sourceTree = "<group>"; };
		C03A663C1579E537009A5CBA /* FeedNameObj.h */ = {isa = PBXFileReference; fileEncoding = 4; lastKnownFileType = sourcecode.c.h; path = FeedNameObj.h; sourceTree = "<group>"; };
		C03A663D1579E537009A5CBA /* FeedNameObj.m */ = {isa = PBXFileReference; fileEncoding = 4; lastKnownFileType = sourcecode.c.objc; path = FeedNameObj.m; sourceTree = "<group>"; };
		C03A66AE157C1307009A5CBA /* TFHpple.h */ = {isa = PBXFileReference; fileEncoding = 4; lastKnownFileType = sourcecode.c.h; name = TFHpple.h; path = Hpple/TFHpple.h; sourceTree = "<group>"; };
		C03A66AF157C1307009A5CBA /* TFHpple.m */ = {isa = PBXFileReference; fileEncoding = 4; lastKnownFileType = sourcecode.c.objc; name = TFHpple.m; path = Hpple/TFHpple.m; sourceTree = "<group>"; };
		C03A66B0157C1307009A5CBA /* TFHppleElement.h */ = {isa = PBXFileReference; fileEncoding = 4; lastKnownFileType = sourcecode.c.h; name = TFHppleElement.h; path = Hpple/TFHppleElement.h; sourceTree = "<group>"; };
		C03A66B1157C1307009A5CBA /* TFHppleElement.m */ = {isa = PBXFileReference; fileEncoding = 4; lastKnownFileType = sourcecode.c.objc; name = TFHppleElement.m; path = Hpple/TFHppleElement.m; sourceTree = "<group>"; };
		C03A66B2157C1307009A5CBA /* XPathQuery.h */ = {isa = PBXFileReference; fileEncoding = 4; lastKnownFileType = sourcecode.c.h; name = XPathQuery.h; path = Hpple/XPathQuery.h; sourceTree = "<group>"; };
		C03A66B3157C1307009A5CBA /* XPathQuery.m */ = {isa = PBXFileReference; fileEncoding = 4; lastKnownFileType = sourcecode.c.objc; name = XPathQuery.m; path = Hpple/XPathQuery.m; sourceTree = "<group>"; };
		C04E907C158875A3003C6A0A /* GridHandler.h */ = {isa = PBXFileReference; fileEncoding = 4; lastKnownFileType = sourcecode.c.h; name = GridHandler.h; path = Nearby/GridHandler.h; sourceTree = "<group>"; };
		C04E907D158875A3003C6A0A /* GridHandler.m */ = {isa = PBXFileReference; fileEncoding = 4; lastKnownFileType = sourcecode.c.objc; name = GridHandler.m; path = Nearby/GridHandler.m; sourceTree = "<group>"; };
		C0D5757D1551F94600B6624C /* libTestFlight.a */ = {isa = PBXFileReference; lastKnownFileType = archive.ar; path = libTestFlight.a; sourceTree = "<group>"; };
		C0D5757E1551F94600B6624C /* README.txt */ = {isa = PBXFileReference; fileEncoding = 4; lastKnownFileType = text; path = README.txt; sourceTree = "<group>"; };
		C0D5757F1551F94600B6624C /* release_notes.txt */ = {isa = PBXFileReference; fileEncoding = 4; lastKnownFileType = text; path = release_notes.txt; sourceTree = "<group>"; };
		C0D575801551F94600B6624C /* TestFlight.h */ = {isa = PBXFileReference; fileEncoding = 4; lastKnownFileType = sourcecode.c.h; path = TestFlight.h; sourceTree = "<group>"; };
		C0E75B93158E6A2A000C3FE3 /* GpsScanner.h */ = {isa = PBXFileReference; fileEncoding = 4; lastKnownFileType = sourcecode.c.h; name = GpsScanner.h; path = Nearby/GpsScanner.h; sourceTree = "<group>"; };
		C0E75B94158E6A2A000C3FE3 /* GpsScanner.m */ = {isa = PBXFileReference; fileEncoding = 4; lastKnownFileType = sourcecode.c.objc; name = GpsScanner.m; path = Nearby/GpsScanner.m; sourceTree = "<group>"; };
		C0E75B96158E6A41000C3FE3 /* GpsBroadcaster.h */ = {isa = PBXFileReference; fileEncoding = 4; lastKnownFileType = sourcecode.c.h; name = GpsBroadcaster.h; path = Nearby/GpsBroadcaster.h; sourceTree = "<group>"; };
		C0E75B97158E6A41000C3FE3 /* GpsBroadcaster.m */ = {isa = PBXFileReference; fileEncoding = 4; lastKnownFileType = sourcecode.c.objc; name = GpsBroadcaster.m; path = Nearby/GpsBroadcaster.m; sourceTree = "<group>"; };
		C0E75B99158E6AB6000C3FE3 /* NearbyFeed.h */ = {isa = PBXFileReference; fileEncoding = 4; lastKnownFileType = sourcecode.c.h; name = NearbyFeed.h; path = Nearby/NearbyFeed.h; sourceTree = "<group>"; };
		C0E75B9A158E6AB6000C3FE3 /* NearbyFeed.m */ = {isa = PBXFileReference; fileEncoding = 4; lastKnownFileType = sourcecode.c.objc; name = NearbyFeed.m; path = Nearby/NearbyFeed.m; sourceTree = "<group>"; };
		C0E75B9C158E70B7000C3FE3 /* GpsLookup.h */ = {isa = PBXFileReference; fileEncoding = 4; lastKnownFileType = sourcecode.c.h; name = GpsLookup.h; path = Nearby/GpsLookup.h; sourceTree = "<group>"; };
		C0E75B9D158E70B7000C3FE3 /* GpsLookup.m */ = {isa = PBXFileReference; fileEncoding = 4; lastKnownFileType = sourcecode.c.objc; name = GpsLookup.m; path = Nearby/GpsLookup.m; sourceTree = "<group>"; };
		D20E422C1461EEC60096A272 /* CoreGraphics.framework */ = {isa = PBXFileReference; lastKnownFileType = wrapper.framework; name = CoreGraphics.framework; path = System/Library/Frameworks/CoreGraphics.framework; sourceTree = SDKROOT; };
		D22B69E115B9174F00429023 /* AddressBook.framework */ = {isa = PBXFileReference; lastKnownFileType = wrapper.framework; name = AddressBook.framework; path = System/Library/Frameworks/AddressBook.framework; sourceTree = SDKROOT; };
		D26D36DF147B3ED400C4FE93 /* Musubi-Info.plist */ = {isa = PBXFileReference; fileEncoding = 4; lastKnownFileType = text.plist.xml; path = "Musubi-Info.plist"; sourceTree = "<group>"; };
		D26D36E0147B3ED400C4FE93 /* Musubi-Prefix.pch */ = {isa = PBXFileReference; fileEncoding = 4; lastKnownFileType = sourcecode.c.h; path = "Musubi-Prefix.pch"; sourceTree = "<group>"; };
		D2773CB0151C422500A161F9 /* Obj.m */ = {isa = PBXFileReference; fileEncoding = 4; lastKnownFileType = sourcecode.c.objc; name = Obj.m; path = SocialKit/Obj.m; sourceTree = "<group>"; };
		D2773CB1151C422500A161F9 /* Obj.h */ = {isa = PBXFileReference; fileEncoding = 4; lastKnownFileType = sourcecode.c.h; name = Obj.h; path = SocialKit/Obj.h; sourceTree = "<group>"; };
		D27968DC1457DA4700C5FDAB /* CoreData.framework */ = {isa = PBXFileReference; lastKnownFileType = wrapper.framework; name = CoreData.framework; path = System/Library/Frameworks/CoreData.framework; sourceTree = SDKROOT; };
		D298F9F2143CE6DF000831DD /* Musubi.app */ = {isa = PBXFileReference; explicitFileType = wrapper.application; includeInIndex = 0; path = Musubi.app; sourceTree = BUILT_PRODUCTS_DIR; };
		D298F9F6143CE6DF000831DD /* UIKit.framework */ = {isa = PBXFileReference; lastKnownFileType = wrapper.framework; name = UIKit.framework; path = System/Library/Frameworks/UIKit.framework; sourceTree = SDKROOT; };
		D298F9F8143CE6DF000831DD /* Foundation.framework */ = {isa = PBXFileReference; lastKnownFileType = wrapper.framework; name = Foundation.framework; path = System/Library/Frameworks/Foundation.framework; sourceTree = SDKROOT; };
		D298FA15143CE6DF000831DD /* SenTestingKit.framework */ = {isa = PBXFileReference; lastKnownFileType = wrapper.framework; name = SenTestingKit.framework; path = Library/Frameworks/SenTestingKit.framework; sourceTree = DEVELOPER_DIR; };
		D298FA4B143E5B4E000831DD /* libz.dylib */ = {isa = PBXFileReference; lastKnownFileType = "compiled.mach-o.dylib"; name = libz.dylib; path = usr/lib/libz.dylib; sourceTree = SDKROOT; };
		D2CC56D715BB6CBE006072EF /* AppDelegate.h */ = {isa = PBXFileReference; fileEncoding = 4; lastKnownFileType = sourcecode.c.h; path = AppDelegate.h; sourceTree = "<group>"; };
		D2CC56D815BB6CBE006072EF /* AppDelegate.m */ = {isa = PBXFileReference; fileEncoding = 4; lastKnownFileType = sourcecode.c.objc; path = AppDelegate.m; sourceTree = "<group>"; };
		D2CC56DA15BB6D40006072EF /* MusubiSDK.xcodeproj */ = {isa = PBXFileReference; lastKnownFileType = "wrapper.pb-project"; name = MusubiSDK.xcodeproj; path = SDK/MusubiSDK.xcodeproj; sourceTree = SOURCE_ROOT; };
		D2CD02891443A1830080861E /* CoreLocation.framework */ = {isa = PBXFileReference; lastKnownFileType = wrapper.framework; name = CoreLocation.framework; path = System/Library/Frameworks/CoreLocation.framework; sourceTree = SDKROOT; };
		D2CD05DB14450E3E0080861E /* Security.framework */ = {isa = PBXFileReference; lastKnownFileType = wrapper.framework; name = Security.framework; path = System/Library/Frameworks/Security.framework; sourceTree = SDKROOT; };
		D2CD05E314462BD90080861E /* libcommonCrypto.dylib */ = {isa = PBXFileReference; lastKnownFileType = "compiled.mach-o.dylib"; name = libcommonCrypto.dylib; path = usr/lib/system/libcommonCrypto.dylib; sourceTree = SDKROOT; };
		D2D03BC11578843A00DBF40B /* main.m */ = {isa = PBXFileReference; fileEncoding = 4; lastKnownFileType = sourcecode.c.objc; path = main.m; sourceTree = "<group>"; };
		D2D9302215223F4A006E4F58 /* QuartzCore.framework */ = {isa = PBXFileReference; lastKnownFileType = wrapper.framework; name = QuartzCore.framework; path = System/Library/Frameworks/QuartzCore.framework; sourceTree = SDKROOT; };
		D2EF51B115B63C9400A8EA49 /* Accelerate.framework */ = {isa = PBXFileReference; lastKnownFileType = wrapper.framework; name = Accelerate.framework; path = System/Library/Frameworks/Accelerate.framework; sourceTree = SDKROOT; };
		D2EF51B315B63CA600A8EA49 /* StoreKit.framework */ = {isa = PBXFileReference; lastKnownFileType = wrapper.framework; name = StoreKit.framework; path = System/Library/Frameworks/StoreKit.framework; sourceTree = SDKROOT; };
		D2EF51B515B63CB900A8EA49 /* libz.1.2.5.dylib */ = {isa = PBXFileReference; lastKnownFileType = "compiled.mach-o.dylib"; name = libz.1.2.5.dylib; path = usr/lib/libz.1.2.5.dylib; sourceTree = SDKROOT; };
		D2EF51B715B63CC400A8EA49 /* libsqlite3.0.dylib */ = {isa = PBXFileReference; lastKnownFileType = "compiled.mach-o.dylib"; name = libsqlite3.0.dylib; path = usr/lib/libsqlite3.0.dylib; sourceTree = SDKROOT; };
		D2F8C6CA152655C3005AD880 /* SystemConfiguration.framework */ = {isa = PBXFileReference; lastKnownFileType = wrapper.framework; name = SystemConfiguration.framework; path = System/Library/Frameworks/SystemConfiguration.framework; sourceTree = SDKROOT; };
		D410BA4A1573085900951D94 /* UnknownObj.h */ = {isa = PBXFileReference; fileEncoding = 4; lastKnownFileType = sourcecode.c.h; name = UnknownObj.h; path = SocialKit/Obj/UnknownObj.h; sourceTree = "<group>"; };
		D410BA4B1573085900951D94 /* UnknownObj.m */ = {isa = PBXFileReference; fileEncoding = 4; lastKnownFileType = sourcecode.c.objc; name = UnknownObj.m; path = SocialKit/Obj/UnknownObj.m; sourceTree = "<group>"; };
		D446069F159E6610000A711C /* MessageUI.framework */ = {isa = PBXFileReference; lastKnownFileType = wrapper.framework; name = MessageUI.framework; path = System/Library/Frameworks/MessageUI.framework; sourceTree = SDKROOT; };
		D44606A1159E6628000A711C /* Twitter.framework */ = {isa = PBXFileReference; lastKnownFileType = wrapper.framework; name = Twitter.framework; path = System/Library/Frameworks/Twitter.framework; sourceTree = SDKROOT; };
		D4DB1348157C2DC000337A16 /* CFNetwork.framework */ = {isa = PBXFileReference; lastKnownFileType = wrapper.framework; name = CFNetwork.framework; path = System/Library/Frameworks/CFNetwork.framework; sourceTree = SDKROOT; };
		D4F0C09315791EBE00541F5C /* VideoObj.h */ = {isa = PBXFileReference; fileEncoding = 4; lastKnownFileType = sourcecode.c.h; path = VideoObj.h; sourceTree = "<group>"; };
		D4F0C09415791EBE00541F5C /* VideoObj.m */ = {isa = PBXFileReference; fileEncoding = 4; lastKnownFileType = sourcecode.c.objc; path = VideoObj.m; sourceTree = "<group>"; };
		D4FFE27615780BB8007F918E /* StoryObj.h */ = {isa = PBXFileReference; fileEncoding = 4; lastKnownFileType = sourcecode.c.h; name = StoryObj.h; path = SocialKit/Obj/StoryObj.h; sourceTree = "<group>"; };
		D4FFE27715780BB8007F918E /* StoryObj.m */ = {isa = PBXFileReference; fileEncoding = 4; lastKnownFileType = sourcecode.c.objc; name = StoryObj.m; path = SocialKit/Obj/StoryObj.m; sourceTree = "<group>"; };
/* End PBXFileReference section */

/* Begin PBXFrameworksBuildPhase section */
		D298F9EF143CE6DF000831DD /* Frameworks */ = {
			isa = PBXFrameworksBuildPhase;
			buildActionMask = 2147483647;
			files = (
				D2CC570915BB6D4B006072EF /* libMusubiSDK.a in Frameworks */,
				D22B69E215B9174F00429023 /* AddressBook.framework in Frameworks */,
				D2EF51B815B63CC400A8EA49 /* libsqlite3.0.dylib in Frameworks */,
				D2EF51B615B63CB900A8EA49 /* libz.1.2.5.dylib in Frameworks */,
				D2EF51B415B63CA600A8EA49 /* StoreKit.framework in Frameworks */,
				D2EF51B215B63C9400A8EA49 /* Accelerate.framework in Frameworks */,
				563FA28C15A6486200FB5AFF /* MapKit.framework in Frameworks */,
				D44D41CF15A21807000BAC41 /* MessageUI.framework in Frameworks */,
				D44606A2159E6628000A711C /* Twitter.framework in Frameworks */,
				2FB16943157D299A00832396 /* AudioToolbox.framework in Frameworks */,
				2FB16941157D298C00832396 /* AVFoundation.framework in Frameworks */,
				D4DB1349157C2DC000337A16 /* CFNetwork.framework in Frameworks */,
				2F24EB901563B4CB00D803C0 /* libxml2.2.dylib in Frameworks */,
				D2F8C6CB152655C5005AD880 /* SystemConfiguration.framework in Frameworks */,
				D298F9F9143CE6DF000831DD /* Foundation.framework in Frameworks */,
				D298FA4C143E5B4E000831DD /* libz.dylib in Frameworks */,
				D2D9302315223F4A006E4F58 /* QuartzCore.framework in Frameworks */,
				D27968DD1457DA4800C5FDAB /* CoreData.framework in Frameworks */,
				D2CD028A1443A1830080861E /* CoreLocation.framework in Frameworks */,
				D20E422D1461EEC60096A272 /* CoreGraphics.framework in Frameworks */,
				D2CD05DC14450E3E0080861E /* Security.framework in Frameworks */,
				D298F9F7143CE6DF000831DD /* UIKit.framework in Frameworks */,
				C0D575811551F94600B6624C /* libTestFlight.a in Frameworks */,
			);
			runOnlyForDeploymentPostprocessing = 0;
		};
/* End PBXFrameworksBuildPhase section */

/* Begin PBXGroup section */
		2F161859157AF8D7002FA8E3 /* Hpple */ = {
			isa = PBXGroup;
			children = (
				C03A66AE157C1307009A5CBA /* TFHpple.h */,
				C03A66AF157C1307009A5CBA /* TFHpple.m */,
				C03A66B0157C1307009A5CBA /* TFHppleElement.h */,
				C03A66B1157C1307009A5CBA /* TFHppleElement.m */,
				C03A66B2157C1307009A5CBA /* XPathQuery.h */,
				C03A66B3157C1307009A5CBA /* XPathQuery.m */,
			);
			name = Hpple;
			sourceTree = "<group>";
		};
		C04E907B1588756F003C6A0A /* Nearby */ = {
			isa = PBXGroup;
			children = (
				C0E75B96158E6A41000C3FE3 /* GpsBroadcaster.h */,
				C0E75B97158E6A41000C3FE3 /* GpsBroadcaster.m */,
				C0E75B9C158E70B7000C3FE3 /* GpsLookup.h */,
				C0E75B9D158E70B7000C3FE3 /* GpsLookup.m */,
				C0E75B93158E6A2A000C3FE3 /* GpsScanner.h */,
				C0E75B94158E6A2A000C3FE3 /* GpsScanner.m */,
				C04E907C158875A3003C6A0A /* GridHandler.h */,
				C04E907D158875A3003C6A0A /* GridHandler.m */,
				C0E75B99158E6AB6000C3FE3 /* NearbyFeed.h */,
				C0E75B9A158E6AB6000C3FE3 /* NearbyFeed.m */,
			);
			name = Nearby;
			sourceTree = "<group>";
		};
		C0D5757C1551F94600B6624C /* TestFlight */ = {
			isa = PBXGroup;
			children = (
				C0D5757D1551F94600B6624C /* libTestFlight.a */,
				C0D5757E1551F94600B6624C /* README.txt */,
				C0D5757F1551F94600B6624C /* release_notes.txt */,
				C0D575801551F94600B6624C /* TestFlight.h */,
			);
			path = TestFlight;
			sourceTree = "<group>";
		};
		D26D3691147B3ED300C4FE93 /* Musubi */ = {
			isa = PBXGroup;
			children = (
				D2CC56D715BB6CBE006072EF /* AppDelegate.h */,
				D2CC56D815BB6CBE006072EF /* AppDelegate.m */,
				D2D03BC11578843A00DBF40B /* main.m */,
				D26D36DF147B3ED400C4FE93 /* Musubi-Info.plist */,
				D26D36E0147B3ED400C4FE93 /* Musubi-Prefix.pch */,
				C04E907B1588756F003C6A0A /* Nearby */,
				D2773CAF151C420000A161F9 /* SocialKit */,
				D26D36D4147B3ED400C4FE93 /* Util */,
			);
			path = Musubi;
			sourceTree = "<group>";
		};
		D26D36D4147B3ED400C4FE93 /* Util */ = {
			isa = PBXGroup;
			children = (
			);
			path = Util;
			sourceTree = "<group>";
		};
		D2773CAF151C420000A161F9 /* SocialKit */ = {
			isa = PBXGroup;
			children = (
				D2773CB3151C436700A161F9 /* Obj */,
				D2773CB1151C422500A161F9 /* Obj.h */,
				D2773CB0151C422500A161F9 /* Obj.m */,
			);
			name = SocialKit;
			sourceTree = "<group>";
		};
		D2773CB3151C436700A161F9 /* Obj */ = {
			isa = PBXGroup;
			children = (
				C03A663C1579E537009A5CBA /* FeedNameObj.h */,
				C03A663D1579E537009A5CBA /* FeedNameObj.m */,
				56F7CEED15A4BBFA005174D2 /* LocationObj.h */,
				563ACEEC15A4BCE6005D88CC /* LocationObj.m */,
				D4FFE27615780BB8007F918E /* StoryObj.h */,
				D4FFE27715780BB8007F918E /* StoryObj.m */,
				D410BA4A1573085900951D94 /* UnknownObj.h */,
				D410BA4B1573085900951D94 /* UnknownObj.m */,
				2FB1693D157D264600832396 /* VoiceObj.h */,
				2FB1693E157D264600832396 /* VoiceObj.m */,
				D4F0C09315791EBE00541F5C /* VideoObj.h */,
				D4F0C09415791EBE00541F5C /* VideoObj.m */,
			);
			name = Obj;
			sourceTree = "<group>";
		};
		D2794AF11457D33F00C5FDAB /* Libraries */ = {
			isa = PBXGroup;
			children = (
				D2CC56DA15BB6D40006072EF /* MusubiSDK.xcodeproj */,
				2F161859157AF8D7002FA8E3 /* Hpple */,
				C0D5757C1551F94600B6624C /* TestFlight */,
			);
			path = Libraries;
			sourceTree = "<group>";
		};
		D298F9E7143CE6DF000831DD = {
			isa = PBXGroup;
			children = (
				D26D3691147B3ED300C4FE93 /* Musubi */,
				D2794AF11457D33F00C5FDAB /* Libraries */,
				D298F9F5143CE6DF000831DD /* Frameworks */,
				D298F9F3143CE6DF000831DD /* Products */,
			);
			sourceTree = "<group>";
		};
		D298F9F3143CE6DF000831DD /* Products */ = {
			isa = PBXGroup;
			children = (
				D298F9F2143CE6DF000831DD /* Musubi.app */,
			);
			name = Products;
			sourceTree = "<group>";
		};
		D298F9F5143CE6DF000831DD /* Frameworks */ = {
			isa = PBXGroup;
			children = (
				D22B69E115B9174F00429023 /* AddressBook.framework */,
				D2EF51B715B63CC400A8EA49 /* libsqlite3.0.dylib */,
				D2EF51B515B63CB900A8EA49 /* libz.1.2.5.dylib */,
				D2EF51B315B63CA600A8EA49 /* StoreKit.framework */,
				D2EF51B115B63C9400A8EA49 /* Accelerate.framework */,
				563FA28B15A6486200FB5AFF /* MapKit.framework */,
				D44606A1159E6628000A711C /* Twitter.framework */,
				D446069F159E6610000A711C /* MessageUI.framework */,
				D44606A1159E6628000A711C /* Twitter.framework */,
				D446069F159E6610000A711C /* MessageUI.framework */,
				2FB16942157D299A00832396 /* AudioToolbox.framework */,
				2FB16940157D298C00832396 /* AVFoundation.framework */,
				D4DB1348157C2DC000337A16 /* CFNetwork.framework */,
				2F24EB8F1563B4CB00D803C0 /* libxml2.2.dylib */,
				D2CD05E314462BD90080861E /* libcommonCrypto.dylib */,
				D298FA4B143E5B4E000831DD /* libz.dylib */,
				D2F8C6CA152655C3005AD880 /* SystemConfiguration.framework */,
				D2D9302215223F4A006E4F58 /* QuartzCore.framework */,
				D20E422C1461EEC60096A272 /* CoreGraphics.framework */,
				D27968DC1457DA4700C5FDAB /* CoreData.framework */,
				D2CD05DB14450E3E0080861E /* Security.framework */,
				D2CD02891443A1830080861E /* CoreLocation.framework */,
				D298F9F6143CE6DF000831DD /* UIKit.framework */,
				D298F9F8143CE6DF000831DD /* Foundation.framework */,
				D298FA15143CE6DF000831DD /* SenTestingKit.framework */,
			);
			name = Frameworks;
			sourceTree = "<group>";
		};
		D2CC56DB15BB6D40006072EF /* Products */ = {
			isa = PBXGroup;
			children = (
				D2CC56FF15BB6D41006072EF /* MusubiAppTest.octest */,
				D2CC570115BB6D41006072EF /* libMusubiSDK.a */,
			);
			name = Products;
			sourceTree = "<group>";
		};
/* End PBXGroup section */

/* Begin PBXNativeTarget section */
		D298F9F1143CE6DF000831DD /* Musubi */ = {
			isa = PBXNativeTarget;
			buildConfigurationList = D298FA26143CE6DF000831DD /* Build configuration list for PBXNativeTarget "Musubi" */;
			buildPhases = (
				D29537B81558A2D10016ED04 /* ShellScript */,
				D298F9EE143CE6DF000831DD /* Sources */,
				D298F9EF143CE6DF000831DD /* Frameworks */,
				D298F9F0143CE6DF000831DD /* Resources */,
			);
			buildRules = (
			);
			dependencies = (
				D2CC570815BB6D46006072EF /* PBXTargetDependency */,
			);
			name = Musubi;
			productName = musubi;
			productReference = D298F9F2143CE6DF000831DD /* Musubi.app */;
			productType = "com.apple.product-type.application";
		};
/* End PBXNativeTarget section */

/* Begin PBXProject section */
		D298F9E9143CE6DF000831DD /* Project object */ = {
			isa = PBXProject;
			attributes = {
				LastUpgradeCheck = 0420;
			};
			buildConfigurationList = D298F9EC143CE6DF000831DD /* Build configuration list for PBXProject "Musubi" */;
			compatibilityVersion = "Xcode 3.2";
			developmentRegion = English;
			hasScannedForEncodings = 0;
			knownRegions = (
				en,
				English,
			);
			mainGroup = D298F9E7143CE6DF000831DD;
			productRefGroup = D298F9F3143CE6DF000831DD /* Products */;
			projectDirPath = "";
			projectReferences = (
				{
					ProductGroup = D2CC56DB15BB6D40006072EF /* Products */;
					ProjectRef = D2CC56DA15BB6D40006072EF /* MusubiSDK.xcodeproj */;
				},
			);
			projectRoot = "";
			targets = (
				D298F9F1143CE6DF000831DD /* Musubi */,
			);
		};
/* End PBXProject section */

/* Begin PBXReferenceProxy section */
		D2CC56FF15BB6D41006072EF /* MusubiAppTest.octest */ = {
			isa = PBXReferenceProxy;
			fileType = wrapper.cfbundle;
			path = MusubiAppTest.octest;
			remoteRef = D2CC56FE15BB6D41006072EF /* PBXContainerItemProxy */;
			sourceTree = BUILT_PRODUCTS_DIR;
		};
		D2CC570115BB6D41006072EF /* libMusubiSDK.a */ = {
			isa = PBXReferenceProxy;
			fileType = archive.ar;
			path = libMusubiSDK.a;
			remoteRef = D2CC570015BB6D41006072EF /* PBXContainerItemProxy */;
			sourceTree = BUILT_PRODUCTS_DIR;
		};
/* End PBXReferenceProxy section */

/* Begin PBXResourcesBuildPhase section */
		D298F9F0143CE6DF000831DD /* Resources */ = {
			isa = PBXResourcesBuildPhase;
			buildActionMask = 2147483647;
			files = (
				C0D575821551F94600B6624C /* README.txt in Resources */,
				C0D575831551F94600B6624C /* release_notes.txt in Resources */,
			);
			runOnlyForDeploymentPostprocessing = 0;
		};
/* End PBXResourcesBuildPhase section */

/* Begin PBXShellScriptBuildPhase section */
		D29537B81558A2D10016ED04 /* ShellScript */ = {
			isa = PBXShellScriptBuildPhase;
			buildActionMask = 2147483647;
			files = (
			);
			inputPaths = (
			);
			outputPaths = (
			);
			runOnlyForDeploymentPostprocessing = 0;
			shellPath = /bin/sh;
			shellScript = "echo $BUILT_PRODUCTS_DIR\necho $BUILD_DIR";
		};
/* End PBXShellScriptBuildPhase section */

/* Begin PBXSourcesBuildPhase section */
		D298F9EE143CE6DF000831DD /* Sources */ = {
			isa = PBXSourcesBuildPhase;
			buildActionMask = 2147483647;
			files = (
				D95D190B157D3085003AA911 /* VoiceObj.h in Sources */,
				D2773CB2151C422500A161F9 /* Obj.m in Sources */,
				D410BA4C1573085900951D94 /* UnknownObj.m in Sources */,
				D2D03BC21578843A00DBF40B /* main.m in Sources */,
				D4FFE27815780BB8007F918E /* StoryObj.m in Sources */,
				D4F0C09515791EBE00541F5C /* VideoObj.m in Sources */,
				C03A663E1579E537009A5CBA /* FeedNameObj.m in Sources */,
				C03A66B4157C1307009A5CBA /* TFHpple.m in Sources */,
				C03A66B5157C1307009A5CBA /* TFHppleElement.m in Sources */,
				C03A66B6157C1307009A5CBA /* XPathQuery.m in Sources */,
				2FB1693F157D264600832396 /* VoiceObj.m in Sources */,
				C04E907E158875A3003C6A0A /* GridHandler.m in Sources */,
				C0E75B95158E6A2A000C3FE3 /* GpsScanner.m in Sources */,
				C0E75B98158E6A41000C3FE3 /* GpsBroadcaster.m in Sources */,
				C0E75B9B158E6AB6000C3FE3 /* NearbyFeed.m in Sources */,
				C0E75B9E158E70B7000C3FE3 /* GpsLookup.m in Sources */,
				563ACEED15A4BCE6005D88CC /* LocationObj.m in Sources */,
				D2CC56D915BB6CBE006072EF /* AppDelegate.m in Sources */,
			);
			runOnlyForDeploymentPostprocessing = 0;
		};
/* End PBXSourcesBuildPhase section */

/* Begin PBXTargetDependency section */
		D2CC570815BB6D46006072EF /* PBXTargetDependency */ = {
			isa = PBXTargetDependency;
			name = MusubiSDK;
			targetProxy = D2CC570715BB6D46006072EF /* PBXContainerItemProxy */;
		};
/* End PBXTargetDependency section */

/* Begin XCBuildConfiguration section */
		D298FA24143CE6DF000831DD /* Debug */ = {
			isa = XCBuildConfiguration;
			buildSettings = {
				ALWAYS_SEARCH_USER_PATHS = NO;
				ARCHS = "$(ARCHS_STANDARD_32_BIT)";
				CLANG_ENABLE_OBJC_ARC = YES;
				CLANG_WARN_OBJCPP_ARC_ABI = YES;
				CODE_SIGN_IDENTITY = "iPhone Developer";
				COPY_PHASE_STRIP = NO;
				GCC_DYNAMIC_NO_PIC = NO;
				GCC_OPTIMIZATION_LEVEL = 0;
				GCC_PREPROCESSOR_DEFINITIONS = (
					"DEBUG=1",
					"$(inherited)",
				);
				GCC_SYMBOLS_PRIVATE_EXTERN = NO;
				GCC_WARN_ABOUT_MISSING_PROTOTYPES = YES;
				GCC_WARN_ABOUT_RETURN_TYPE = YES;
				GCC_WARN_UNUSED_VARIABLE = YES;
				HEADER_SEARCH_PATHS = (
					"$(SRCROOT)/Libraries/IBE/IBE",
					"$(SRCROOT)/Libraries/PBC/pbc-0.5.12/include",
					"$(SRCROOT)/Libraries/GMP/build/include",
					"$(SRCROOT)/Libraries/GMP/build/include32",
					"$(SRCROOT)/Libraries/GMP/build/src-iPhoneOS",
					"$(SRCROOT)/Libraries/OpenSSL/openssl/include",
					"$(SRCROOT)/Libraries/Facebook/src",
					"$(SRCROOT)/Libraries/RabbitMQ",
					"$(SRCROOT)/Libraries/OAuth2/**",
					"$(SRCROOT)/Libraries/QRCodeEncoder/QRCodeEncoderObjectiveCAtGithub",
					"$(BUILT_PRODUCTS_DIR)/../three20",
					"$(BUILT_PRODUCTS_DIR)/../../three20",
					"$(BUILT_PRODUCTS_DIR)/../../../../../Products/three20",
					/usr/include/libxml2,
					"$(SRCROOT)/Libraries/Three20/src/**",
				);
				IPHONEOS_DEPLOYMENT_TARGET = 5.0;
				LIBRARY_SEARCH_PATHS = (
					"$(inherited)",
					"\"$(SDKROOT)/usr/lib/system\"",
					"\"$(SRCROOT)\"",
				);
				OTHER_LDFLAGS = "-lxml2";
				PROVISIONING_PROFILE = "";
				SDKROOT = iphoneos;
				STRIP_INSTALLED_PRODUCT = NO;
				TARGETED_DEVICE_FAMILY = 1;
				VALIDATE_PRODUCT = YES;
			};
			name = Debug;
		};
		D298FA25143CE6DF000831DD /* Release */ = {
			isa = XCBuildConfiguration;
			buildSettings = {
				ALWAYS_SEARCH_USER_PATHS = NO;
				ARCHS = "$(ARCHS_STANDARD_32_BIT)";
				CLANG_ENABLE_OBJC_ARC = YES;
				CLANG_WARN_OBJCPP_ARC_ABI = YES;
				CODE_SIGN_IDENTITY = "iPhone Distribution";
				COPY_PHASE_STRIP = NO;
				GCC_WARN_ABOUT_MISSING_PROTOTYPES = YES;
				GCC_WARN_ABOUT_RETURN_TYPE = YES;
				GCC_WARN_UNUSED_VARIABLE = YES;
				HEADER_SEARCH_PATHS = (
					"$(SRCROOT)/Libraries/IBE/IBE",
					"$(SRCROOT)/Libraries/PBC/pbc-0.5.12/include",
					"$(SRCROOT)/Libraries/GMP/build/include",
					"$(SRCROOT)/Libraries/GMP/build/include32",
					"$(SRCROOT)/Libraries/GMP/build/src-iPhoneOS",
					"$(SRCROOT)/Libraries/OpenSSL/openssl/include",
					"$(SRCROOT)/Libraries/Facebook/src",
					"$(SRCROOT)/Libraries/RabbitMQ",
					"$(SRCROOT)/Libraries/OAuth2/**",
					"$(SRCROOT)/Libraries/QRCodeEncoder/QRCodeEncoderObjectiveCAtGithub",
					"$(BUILT_PRODUCTS_DIR)/../three20",
					"$(BUILT_PRODUCTS_DIR)/../../three20",
					"$(BUILT_PRODUCTS_DIR)/../../../../../Products/three20",
					/usr/include/libxml2,
					"$(SRCROOT)/Libraries/Three20/src/**",
				);
				IPHONEOS_DEPLOYMENT_TARGET = 5.0;
				LIBRARY_SEARCH_PATHS = (
					"$(inherited)",
					"\"$(SDKROOT)/usr/lib/system\"",
					"\"$(SRCROOT)\"",
				);
				OTHER_CFLAGS = "-DNS_BLOCK_ASSERTIONS=1";
				OTHER_LDFLAGS = "-lxml2";
				PROVISIONING_PROFILE = "";
				SDKROOT = iphoneos;
				STRIP_INSTALLED_PRODUCT = NO;
				TARGETED_DEVICE_FAMILY = 1;
				VALIDATE_PRODUCT = NO;
			};
			name = Release;
		};
		D298FA27143CE6DF000831DD /* Debug */ = {
			isa = XCBuildConfiguration;
			buildSettings = {
				ALWAYS_SEARCH_USER_PATHS = NO;
				CLANG_ARC_MIGRATION = donothing;
				CLANG_ENABLE_OBJC_ARC = YES;
				CODE_SIGN_IDENTITY = "iPhone Developer";
				FRAMEWORK_SEARCH_PATHS = (
					"$(inherited)",
					"\"$(SRCROOT)/Libraries/Dropbox\"",
				);
				GCC_C_LANGUAGE_STANDARD = c99;
				GCC_FAST_MATH = YES;
				GCC_PRECOMPILE_PREFIX_HEADER = YES;
				GCC_PREFIX_HEADER = "Musubi/Musubi-Prefix.pch";
				GCC_VERSION = com.apple.compilers.llvm.clang.1_0;
				HEADER_SEARCH_PATHS = (
					"$(SRCROOT)/SDK/Libraries/IBE/IBE",
					"$(SRCROOT)/SDK/Libraries/PBC/pbc-0.5.12/include",
					"$(SRCROOT)/SDK/Libraries/GMP/build/include",
					"$(SRCROOT)/SDK/Libraries/GMP/build/include32",
					"$(SRCROOT)/SDK/Libraries/GMP/build/src-iPhoneOS",
					"$(SRCROOT)/SDK/Libraries/OpenSSL/openssl/include",
					"$(SRCROOT)/SDK/Libraries/Facebook/src",
					"$(SRCROOT)/SDK/Libraries/RabbitMQ",
					"$(SRCROOT)/SDK/Libraries/OAuth2/**",
					"$(SRCROOT)/Libraries/QRCodeEncoder/QRCodeEncoderObjectiveCAtGithub",
					"$(BUILT_PRODUCTS_DIR)/../three20",
					"$(BUILT_PRODUCTS_DIR)/../../three20",
					"$(BUILT_PRODUCTS_DIR)/../../../../../Products/three20",
					/usr/include/libxml2,
					"$(SRCROOT)/Libraries/Three20/src/**",
					"$(SRCROOT)/SDK/Musubi/**",
				);
				INFOPLIST_FILE = "Musubi/Musubi-Info.plist";
				LIBRARY_SEARCH_PATHS = (
					"$(inherited)",
					"\"$(SRCROOT)/Libraries/TestFlight\"",
					"$(BUILT_PRODUCTS_DIR)/../../../../../Products/$(CONFIGURATION)$(EFFECTIVE_PLATFORM_NAME)",
					"\"$(SRCROOT)/Libraries/AviarySDK\"",
				);
				OTHER_LDFLAGS = (
					"-ObjC",
					"-lThree20",
					"-lThree20UINavigator",
					"-lThree20UICommon",
					"-lThree20UI",
					"-lThree20Style",
					"-lThree20Network",
					"-lThree20Core",
					"-lIBE",
				);
				PRODUCT_NAME = Musubi;
				PROVISIONING_PROFILE = "";
				USER_HEADER_SEARCH_PATHS = "Submodules/**";
				WRAPPER_EXTENSION = app;
			};
			name = Debug;
		};
		D298FA28143CE6DF000831DD /* Release */ = {
			isa = XCBuildConfiguration;
			buildSettings = {
				ALWAYS_SEARCH_USER_PATHS = NO;
				CLANG_ARC_MIGRATION = donothing;
				CLANG_ENABLE_OBJC_ARC = YES;
				CODE_SIGN_IDENTITY = "iPhone Distribution";
				FRAMEWORK_SEARCH_PATHS = (
					"$(inherited)",
					"\"$(SRCROOT)/Libraries/Dropbox\"",
				);
				GCC_C_LANGUAGE_STANDARD = c99;
				GCC_FAST_MATH = YES;
				GCC_PRECOMPILE_PREFIX_HEADER = YES;
				GCC_PREFIX_HEADER = "Musubi/Musubi-Prefix.pch";
				GCC_VERSION = com.apple.compilers.llvm.clang.1_0;
				HEADER_SEARCH_PATHS = (
					"$(SRCROOT)/SDK/Libraries/IBE/IBE",
					"$(SRCROOT)/SDK/Libraries/PBC/pbc-0.5.12/include",
					"$(SRCROOT)/SDK/Libraries/GMP/build/include",
					"$(SRCROOT)/SDK/Libraries/GMP/build/include32",
					"$(SRCROOT)/SDK/Libraries/GMP/build/src-iPhoneOS",
					"$(SRCROOT)/SDK/Libraries/OpenSSL/openssl/include",
					"$(SRCROOT)/SDK/Libraries/Facebook/src",
					"$(SRCROOT)/SDK/Libraries/RabbitMQ",
					"$(SRCROOT)/SDK/Libraries/OAuth2/**",
					"$(SRCROOT)/Libraries/QRCodeEncoder/QRCodeEncoderObjectiveCAtGithub",
					"$(BUILT_PRODUCTS_DIR)/../three20",
					"$(BUILT_PRODUCTS_DIR)/../../three20",
					"$(BUILT_PRODUCTS_DIR)/../../../../../Products/three20",
					/usr/include/libxml2,
					"$(SRCROOT)/Libraries/Three20/src/**",
					"$(SRCROOT)/SDK/Musubi/**",
				);
				INFOPLIST_FILE = "Musubi/Musubi-Info.plist";
				LIBRARY_SEARCH_PATHS = (
					"$(inherited)",
					"\"$(SRCROOT)/Libraries/TestFlight\"",
					"$(BUILT_PRODUCTS_DIR)/../../../../../Products/$(CONFIGURATION)$(EFFECTIVE_PLATFORM_NAME)",
					"\"$(SRCROOT)/Libraries/AviarySDK\"",
				);
				OTHER_LDFLAGS = (
					"-ObjC",
					"-lThree20",
					"-lThree20UINavigator",
					"-lThree20UICommon",
					"-lThree20UI",
					"-lThree20Style",
					"-lThree20Network",
					"-lThree20Core",
					"-lIBE",
				);
				PRODUCT_NAME = Musubi;
				PROVISIONING_PROFILE = "";
				USER_HEADER_SEARCH_PATHS = "Submodules/**";
				WRAPPER_EXTENSION = app;
			};
			name = Release;
		};
/* End XCBuildConfiguration section */

/* Begin XCConfigurationList section */
		D298F9EC143CE6DF000831DD /* Build configuration list for PBXProject "Musubi" */ = {
			isa = XCConfigurationList;
			buildConfigurations = (
				D298FA24143CE6DF000831DD /* Debug */,
				D298FA25143CE6DF000831DD /* Release */,
			);
			defaultConfigurationIsVisible = 0;
			defaultConfigurationName = Release;
		};
		D298FA26143CE6DF000831DD /* Build configuration list for PBXNativeTarget "Musubi" */ = {
			isa = XCConfigurationList;
			buildConfigurations = (
				D298FA27143CE6DF000831DD /* Debug */,
				D298FA28143CE6DF000831DD /* Release */,
			);
			defaultConfigurationIsVisible = 0;
			defaultConfigurationName = Release;
		};
/* End XCConfigurationList section */
	};
	rootObject = D298F9E9143CE6DF000831DD /* Project object */;
}
